{
  "originHash" : "2689f9e2586b55228eed3965e4be842c098dfc484978323bb9dc0de25d79665c",
  "pins" : [
    {
      "identity" : "lottie-spm",
      "kind" : "remoteSourceControl",
      "location" : "https://github.com/airbnb/lottie-spm",
      "state" : {
        "revision" : "69faaefa7721fba9e434a52c16adf4329c9084db",
        "version" : "4.6.0"
      }
    }
  ],
  "version" : 3
}
